
Microsoft Visual Studio Solution File, Format Version 12.00
# Visual Studio 2012
Project("{8BC9CEB8-8B4A-11D0-8D11-00A0C91BC942}") = "grafhf1", "grafhf1\grafhf1.vcxproj", "{DF55B607-8367-4F5C-A46A-688D05FE9745}"
EndProject
Global
	GlobalSection(SolutionConfigurationPlatforms) = preSolution
		Debug|Win32 = Debug|Win32
		Release|Win32 = Release|Win32
	EndGlobalSection
	GlobalSection(ProjectConfigurationPlatforms) = postSolution
		{DF55B607-8367-4F5C-A46A-688D05FE9745}.Debug|Win32.ActiveCfg = Debug|Win32
		{DF55B607-8367-4F5C-A46A-688D05FE9745}.Debug|Win32.Build.0 = Debug|Win32
		{DF55B607-8367-4F5C-A46A-688D05FE9745}.Release|Win32.ActiveCfg = Release|Win32
		{DF55B607-8367-4F5C-A46A-688D05FE9745}.Release|Win32.Build.0 = Release|Win32
	EndGlobalSection
	GlobalSection(SolutionProperties) = preSolution
		HideSolutionNode = FALSE
	EndGlobalSection
EndGlobal
